speakeasyVersion: 1.767.0
sources:
    Cloudsmith API:
        sourceNamespace: cloudsmith-api
        sourceRevisionDigest: sha256:58133ebdf45cee89d6db4eed9e6466c4db03f5bde0204f3d40058398814d95e9
        sourceBlobDigest: sha256:c22e15a89dfd8f1849fd13ec22c45faad05dab222201b2c284da012c41d6ae76
        tags:
            - latest
            - main
targets:
    go:
        source: Cloudsmith API
        sourceNamespace: cloudsmith-api
        sourceRevisionDigest: sha256:58133ebdf45cee89d6db4eed9e6466c4db03f5bde0204f3d40058398814d95e9
        sourceBlobDigest: sha256:c22e15a89dfd8f1849fd13ec22c45faad05dab222201b2c284da012c41d6ae76
        codeSamplesNamespace: cloudsmith-api-go-code-samples
        codeSamplesRevisionDigest: sha256:d24acc1d38d492122b76562efcb2dac209c6673d730f2289e4e0a0fe53025636
workflow:
    workflowVersion: 1.0.0
    speakeasyVersion: latest
    sources:
        Cloudsmith API:
            inputs:
                - location: https://api.cloudsmith.io/v2/openapi
            overlays:
                - location: .speakeasy/overlays/cloudsmith-v2.yaml
                - location: .speakeasy/overlays/cloudsmith-retries.yaml
                - location: .speakeasy/overlays/cloudsmith-pagination.yaml
                - location: .speakeasy/overlays/cloudsmith-auth.yaml
            registry:
                location: registry.speakeasyapi.dev/cloudsmith/default/cloudsmith-api
    targets:
        go:
            target: go
            source: Cloudsmith API
            output: .
            codeSamples:
                registry:
                    location: registry.speakeasyapi.dev/cloudsmith/default/cloudsmith-api-go-code-samples
                labelOverride:
                    fixedValue: Go (SDK)
                blocking: false
