speakeasyVersion: 1.764.1
sources:
    Cloudsmith API:
        sourceNamespace: cloudsmith-api
        sourceRevisionDigest: sha256:2090ba3c8b5c617bd80962d89148e3f08b26cd395fae868045a1bc8ebf58146b
        sourceBlobDigest: sha256:a676241ee3f78e82960b896325687c2ad59686471e4acd0eaa3b337223ac97d0
        tags:
            - latest
            - main
targets:
    go:
        source: Cloudsmith API
        sourceNamespace: cloudsmith-api
        sourceRevisionDigest: sha256:2090ba3c8b5c617bd80962d89148e3f08b26cd395fae868045a1bc8ebf58146b
        sourceBlobDigest: sha256:a676241ee3f78e82960b896325687c2ad59686471e4acd0eaa3b337223ac97d0
        codeSamplesNamespace: cloudsmith-api-go-code-samples
        codeSamplesRevisionDigest: sha256:4cfd419868dc37c5a6390a731946ad67cfadd386c9e0887851fa4db2f3952ea8
workflow:
    workflowVersion: 1.0.0
    speakeasyVersion: latest
    sources:
        Cloudsmith API:
            inputs:
                - location: https://api.cloudsmith.io/v2/openapi
            overlays:
                - location: .speakeasy/overlays/cloudsmith-v2.yaml
                - location: .speakeasy/overlays/cloudsmith-retries.yaml
                - location: .speakeasy/overlays/cloudsmith-pagination.yaml
                - location: .speakeasy/overlays/cloudsmith-auth.yaml
            registry:
                location: registry.speakeasyapi.dev/cloudsmith/default/cloudsmith-api
    targets:
        go:
            target: go
            source: Cloudsmith API
            output: .
            codeSamples:
                registry:
                    location: registry.speakeasyapi.dev/cloudsmith/default/cloudsmith-api-go-code-samples
                labelOverride:
                    fixedValue: Go (SDK)
                blocking: false
